// !$*UTF8*$!
{
	archiveVersion = 1;
	classes = {
	};
	objectVersion = 56;
	objects = {

/* Begin PBXBuildFile section */
		2F182ECC2AB97DDA00FFCD7B /* MainNavController.swift in Sources */ = {isa = PBXBuildFile; fileRef = 2F182ECB2AB97DDA00FFCD7B /* MainNavController.swift */; };
		2F3D0EF62AAB410C0063EEF2 /* AppDelegate.swift in Sources */ = {isa = PBXBuildFile; fileRef = 2F3D0EF52AAB410C0063EEF2 /* AppDelegate.swift */; };
		2F3D0EF82AAB410C0063EEF2 /* SceneDelegate.swift in Sources */ = {isa = PBXBuildFile; fileRef = 2F3D0EF72AAB410C0063EEF2 /* SceneDelegate.swift */; };
		2F3D0EFA2AAB410C0063EEF2 /* ViewController.swift in Sources */ = {isa = PBXBuildFile; fileRef = 2F3D0EF92AAB410C0063EEF2 /* ViewController.swift */; };
		2F3D0EFD2AAB410C0063EEF2 /* Main.storyboard in Resources */ = {isa = PBXBuildFile; fileRef = 2F3D0EFB2AAB410C0063EEF2 /* Main.storyboard */; };
		2F3D0EFF2AAB410E0063EEF2 /* Assets.xcassets in Resources */ = {isa = PBXBuildFile; fileRef = 2F3D0EFE2AAB410E0063EEF2 /* Assets.xcassets */; };
		2F3D0F022AAB410E0063EEF2 /* LaunchScreen.storyboard in Resources */ = {isa = PBXBuildFile; fileRef = 2F3D0F002AAB410E0063EEF2 /* LaunchScreen.storyboard */; };
		2F3D0F0A2AAB43220063EEF2 /* LoadingScreenViewController.swift in Sources */ = {isa = PBXBuildFile; fileRef = 2F3D0F092AAB43220063EEF2 /* LoadingScreenViewController.swift */; };
		2F3D0F0C2AAB44560063EEF2 /* PurchaseViewController.swift in Sources */ = {isa = PBXBuildFile; fileRef = 2F3D0F0B2AAB44560063EEF2 /* PurchaseViewController.swift */; };
		2F3D0F0E2AAB45720063EEF2 /* NameCell.swift in Sources */ = {isa = PBXBuildFile; fileRef = 2F3D0F0D2AAB45720063EEF2 /* NameCell.swift */; };
		2F3D0F102AAB45E40063EEF2 /* CustomHeaderCell.swift in Sources */ = {isa = PBXBuildFile; fileRef = 2F3D0F0F2AAB45E40063EEF2 /* CustomHeaderCell.swift */; };
		2F3D0F122AAB46340063EEF2 /* CustomHeaderView.swift in Sources */ = {isa = PBXBuildFile; fileRef = 2F3D0F112AAB46340063EEF2 /* CustomHeaderView.swift */; };
		2F3D0F142AAB465B0063EEF2 /* ImageCell.swift in Sources */ = {isa = PBXBuildFile; fileRef = 2F3D0F132AAB465B0063EEF2 /* ImageCell.swift */; };
		2F3D0F162AAB477F0063EEF2 /* BottomSheetViewController.swift in Sources */ = {isa = PBXBuildFile; fileRef = 2F3D0F152AAB477F0063EEF2 /* BottomSheetViewController.swift */; };
		2F3D0F182AAB4ABB0063EEF2 /* SavedInformationViewController.swift in Sources */ = {isa = PBXBuildFile; fileRef = 2F3D0F172AAB4ABB0063EEF2 /* SavedInformationViewController.swift */; };
		2F59D5362ADD2F8300F7BCF6 /* TokenizedHeadingTableViewCell.swift in Sources */ = {isa = PBXBuildFile; fileRef = 2F59D5342ADD2F8300F7BCF6 /* TokenizedHeadingTableViewCell.swift */; };
		2F59D5372ADD2F8300F7BCF6 /* TokenizedHeadingTableViewCell.xib in Resources */ = {isa = PBXBuildFile; fileRef = 2F59D5352ADD2F8300F7BCF6 /* TokenizedHeadingTableViewCell.xib */; };
		2F8A67E02AEEBBAD009EED58 /* UserNameTableViewCell.swift in Sources */ = {isa = PBXBuildFile; fileRef = 2F8A67DE2AEEBBAD009EED58 /* UserNameTableViewCell.swift */; };
		2F8A67E12AEEBBAD009EED58 /* UserNameTableViewCell.xib in Resources */ = {isa = PBXBuildFile; fileRef = 2F8A67DF2AEEBBAD009EED58 /* UserNameTableViewCell.xib */; };
		2F964C0E2ACEBC69004E88F7 /* myTabCell.swift in Sources */ = {isa = PBXBuildFile; fileRef = 2F964C0C2ACEBC69004E88F7 /* myTabCell.swift */; };
		2F964C0F2ACEBC69004E88F7 /* myTabCell.xib in Resources */ = {isa = PBXBuildFile; fileRef = 2F964C0D2ACEBC69004E88F7 /* myTabCell.xib */; };
		2F964C122ACECBC6004E88F7 /* myCustomHeaderCell.swift in Sources */ = {isa = PBXBuildFile; fileRef = 2F964C102ACECBC6004E88F7 /* myCustomHeaderCell.swift */; };
		2F964C132ACECBC6004E88F7 /* myCustomHeaderCell.xib in Resources */ = {isa = PBXBuildFile; fileRef = 2F964C112ACECBC6004E88F7 /* myCustomHeaderCell.xib */; };
		2F964C162ACEE373004E88F7 /* CardTableViewCell.swift in Sources */ = {isa = PBXBuildFile; fileRef = 2F964C142ACEE373004E88F7 /* CardTableViewCell.swift */; };
		2F964C172ACEE373004E88F7 /* CardTableViewCell.xib in Resources */ = {isa = PBXBuildFile; fileRef = 2F964C152ACEE373004E88F7 /* CardTableViewCell.xib */; };
		2F9CB8102AB0618100D3D849 /* CardsCellTableViewCell.swift in Sources */ = {isa = PBXBuildFile; fileRef = 2F9CB80F2AB0618100D3D849 /* CardsCellTableViewCell.swift */; };
		2FA6F6932AB489C6005772AE /* GreenScreenViewController.swift in Sources */ = {isa = PBXBuildFile; fileRef = 2FA6F6922AB489C6005772AE /* GreenScreenViewController.swift */; };
		2FA86B172AD6AD6F00F0CED4 /* transactions.json in Resources */ = {isa = PBXBuildFile; fileRef = 2FA86B162AD6AD6F00F0CED4 /* transactions.json */; };
		2FAC483D2AC6F64100C82A8A /* SectionBackgroundView.swift in Sources */ = {isa = PBXBuildFile; fileRef = 2FAC483C2AC6F64100C82A8A /* SectionBackgroundView.swift */; };
		2FB48C3E2AD012B5000E70A7 /* UsedCardsViewController.swift in Sources */ = {isa = PBXBuildFile; fileRef = 2FB48C3D2AD012B5000E70A7 /* UsedCardsViewController.swift */; };
		2FB48C412AD01C80000E70A7 /* UsedCardsTableViewCell.swift in Sources */ = {isa = PBXBuildFile; fileRef = 2FB48C3F2AD01C80000E70A7 /* UsedCardsTableViewCell.swift */; };
		2FB48C422AD01C80000E70A7 /* UsedCardsTableViewCell.xib in Resources */ = {isa = PBXBuildFile; fileRef = 2FB48C402AD01C80000E70A7 /* UsedCardsTableViewCell.xib */; };
		2FB8021E2ABC293B00277817 /* TokenizedTableViewCell.swift in Sources */ = {isa = PBXBuildFile; fileRef = 2FB8021D2ABC293B00277817 /* TokenizedTableViewCell.swift */; };
		2FB802202ABC35DB00277817 /* TokenizedHeaderView.swift in Sources */ = {isa = PBXBuildFile; fileRef = 2FB8021F2ABC35DB00277817 /* TokenizedHeaderView.swift */; };
/* End PBXBuildFile section */

/* Begin PBXFileReference section */
		2F182ECB2AB97DDA00FFCD7B /* MainNavController.swift */ = {isa = PBXFileReference; lastKnownFileType = sourcecode.swift; path = MainNavController.swift; sourceTree = "<group>"; };
		2F3D0EF22AAB410C0063EEF2 /* IOMD Purchase Flow.app */ = {isa = PBXFileReference; explicitFileType = wrapper.application; includeInIndex = 0; path = "IOMD Purchase Flow.app"; sourceTree = BUILT_PRODUCTS_DIR; };
		2F3D0EF52AAB410C0063EEF2 /* AppDelegate.swift */ = {isa = PBXFileReference; lastKnownFileType = sourcecode.swift; path = AppDelegate.swift; sourceTree = "<group>"; };
		2F3D0EF72AAB410C0063EEF2 /* SceneDelegate.swift */ = {isa = PBXFileReference; lastKnownFileType = sourcecode.swift; path = SceneDelegate.swift; sourceTree = "<group>"; };
		2F3D0EF92AAB410C0063EEF2 /* ViewController.swift */ = {isa = PBXFileReference; lastKnownFileType = sourcecode.swift; path = ViewController.swift; sourceTree = "<group>"; };
		2F3D0EFC2AAB410C0063EEF2 /* Base */ = {isa = PBXFileReference; lastKnownFileType = file.storyboard; name = Base; path = Base.lproj/Main.storyboard; sourceTree = "<group>"; };
		2F3D0EFE2AAB410E0063EEF2 /* Assets.xcassets */ = {isa = PBXFileReference; lastKnownFileType = folder.assetcatalog; path = Assets.xcassets; sourceTree = "<group>"; };
		2F3D0F012AAB410E0063EEF2 /* Base */ = {isa = PBXFileReference; lastKnownFileType = file.storyboard; name = Base; path = Base.lproj/LaunchScreen.storyboard; sourceTree = "<group>"; };
		2F3D0F032AAB410E0063EEF2 /* Info.plist */ = {isa = PBXFileReference; lastKnownFileType = text.plist.xml; path = Info.plist; sourceTree = "<group>"; };
		2F3D0F092AAB43220063EEF2 /* LoadingScreenViewController.swift */ = {isa = PBXFileReference; lastKnownFileType = sourcecode.swift; path = LoadingScreenViewController.swift; sourceTree = "<group>"; };
		2F3D0F0B2AAB44560063EEF2 /* PurchaseViewController.swift */ = {isa = PBXFileReference; lastKnownFileType = sourcecode.swift; path = PurchaseViewController.swift; sourceTree = "<group>"; };
		2F3D0F0D2AAB45720063EEF2 /* NameCell.swift */ = {isa = PBXFileReference; lastKnownFileType = sourcecode.swift; path = NameCell.swift; sourceTree = "<group>"; };
		2F3D0F0F2AAB45E40063EEF2 /* CustomHeaderCell.swift */ = {isa = PBXFileReference; lastKnownFileType = sourcecode.swift; path = CustomHeaderCell.swift; sourceTree = "<group>"; };
		2F3D0F112AAB46340063EEF2 /* CustomHeaderView.swift */ = {isa = PBXFileReference; lastKnownFileType = sourcecode.swift; path = CustomHeaderView.swift; sourceTree = "<group>"; };
		2F3D0F132AAB465B0063EEF2 /* ImageCell.swift */ = {isa = PBXFileReference; lastKnownFileType = sourcecode.swift; path = ImageCell.swift; sourceTree = "<group>"; };
		2F3D0F152AAB477F0063EEF2 /* BottomSheetViewController.swift */ = {isa = PBXFileReference; lastKnownFileType = sourcecode.swift; path = BottomSheetViewController.swift; sourceTree = "<group>"; };
		2F3D0F172AAB4ABB0063EEF2 /* SavedInformationViewController.swift */ = {isa = PBXFileReference; lastKnownFileType = sourcecode.swift; path = SavedInformationViewController.swift; sourceTree = "<group>"; };
		2F59D5342ADD2F8300F7BCF6 /* TokenizedHeadingTableViewCell.swift */ = {isa = PBXFileReference; lastKnownFileType = sourcecode.swift; path = TokenizedHeadingTableViewCell.swift; sourceTree = "<group>"; };
		2F59D5352ADD2F8300F7BCF6 /* TokenizedHeadingTableViewCell.xib */ = {isa = PBXFileReference; lastKnownFileType = file.xib; path = TokenizedHeadingTableViewCell.xib; sourceTree = "<group>"; };
		2F8A67DE2AEEBBAD009EED58 /* UserNameTableViewCell.swift */ = {isa = PBXFileReference; lastKnownFileType = sourcecode.swift; path = UserNameTableViewCell.swift; sourceTree = "<group>"; };
		2F8A67DF2AEEBBAD009EED58 /* UserNameTableViewCell.xib */ = {isa = PBXFileReference; lastKnownFileType = file.xib; path = UserNameTableViewCell.xib; sourceTree = "<group>"; };
		2F964C0C2ACEBC69004E88F7 /* myTabCell.swift */ = {isa = PBXFileReference; lastKnownFileType = sourcecode.swift; path = myTabCell.swift; sourceTree = "<group>"; };
		2F964C0D2ACEBC69004E88F7 /* myTabCell.xib */ = {isa = PBXFileReference; lastKnownFileType = file.xib; path = myTabCell.xib; sourceTree = "<group>"; };
		2F964C102ACECBC6004E88F7 /* myCustomHeaderCell.swift */ = {isa = PBXFileReference; lastKnownFileType = sourcecode.swift; path = myCustomHeaderCell.swift; sourceTree = "<group>"; };
		2F964C112ACECBC6004E88F7 /* myCustomHeaderCell.xib */ = {isa = PBXFileReference; lastKnownFileType = file.xib; path = myCustomHeaderCell.xib; sourceTree = "<group>"; };
		2F964C142ACEE373004E88F7 /* CardTableViewCell.swift */ = {isa = PBXFileReference; lastKnownFileType = sourcecode.swift; path = CardTableViewCell.swift; sourceTree = "<group>"; };
		2F964C152ACEE373004E88F7 /* CardTableViewCell.xib */ = {isa = PBXFileReference; lastKnownFileType = file.xib; path = CardTableViewCell.xib; sourceTree = "<group>"; };
		2F9CB80F2AB0618100D3D849 /* CardsCellTableViewCell.swift */ = {isa = PBXFileReference; lastKnownFileType = sourcecode.swift; path = CardsCellTableViewCell.swift; sourceTree = "<group>"; };
		2FA6F6922AB489C6005772AE /* GreenScreenViewController.swift */ = {isa = PBXFileReference; lastKnownFileType = sourcecode.swift; path = GreenScreenViewController.swift; sourceTree = "<group>"; };
		2FA86B162AD6AD6F00F0CED4 /* transactions.json */ = {isa = PBXFileReference; fileEncoding = 4; lastKnownFileType = text.json; name = transactions.json; path = ../../../Desktop/transactions.json; sourceTree = "<group>"; };
		2FA86B192AD6AD8200F0CED4 /* transactions.json */ = {isa = PBXFileReference; lastKnownFileType = text.json; name = transactions.json; path = ../../../../Desktop/transactions.json; sourceTree = "<group>"; };
		2FAC483C2AC6F64100C82A8A /* SectionBackgroundView.swift */ = {isa = PBXFileReference; lastKnownFileType = sourcecode.swift; path = SectionBackgroundView.swift; sourceTree = "<group>"; };
		2FB48C3D2AD012B5000E70A7 /* UsedCardsViewController.swift */ = {isa = PBXFileReference; lastKnownFileType = sourcecode.swift; path = UsedCardsViewController.swift; sourceTree = "<group>"; };
		2FB48C3F2AD01C80000E70A7 /* UsedCardsTableViewCell.swift */ = {isa = PBXFileReference; lastKnownFileType = sourcecode.swift; path = UsedCardsTableViewCell.swift; sourceTree = "<group>"; };
		2FB48C402AD01C80000E70A7 /* UsedCardsTableViewCell.xib */ = {isa = PBXFileReference; lastKnownFileType = file.xib; path = UsedCardsTableViewCell.xib; sourceTree = "<group>"; };
		2FB8021D2ABC293B00277817 /* TokenizedTableViewCell.swift */ = {isa = PBXFileReference; lastKnownFileType = sourcecode.swift; path = TokenizedTableViewCell.swift; sourceTree = "<group>"; };
		2FB8021F2ABC35DB00277817 /* TokenizedHeaderView.swift */ = {isa = PBXFileReference; lastKnownFileType = sourcecode.swift; path = TokenizedHeaderView.swift; sourceTree = "<group>"; };
/* End PBXFileReference section */

/* Begin PBXFrameworksBuildPhase section */
		2F3D0EEF2AAB410C0063EEF2 /* Frameworks */ = {
			isa = PBXFrameworksBuildPhase;
			buildActionMask = 2147483647;
			files = (
			);
			runOnlyForDeploymentPostprocessing = 0;
		};
/* End PBXFrameworksBuildPhase section */

/* Begin PBXGroup section */
		2F3D0EE92AAB410C0063EEF2 = {
			isa = PBXGroup;
			children = (
				2F3D0EF42AAB410C0063EEF2 /* IOMD Purchase Flow */,
				2F3D0EF32AAB410C0063EEF2 /* Products */,
			);
			sourceTree = "<group>";
		};
		2F3D0EF32AAB410C0063EEF2 /* Products */ = {
			isa = PBXGroup;
			children = (
				2F3D0EF22AAB410C0063EEF2 /* IOMD Purchase Flow.app */,
			);
			name = Products;
			sourceTree = "<group>";
		};
		2F3D0EF42AAB410C0063EEF2 /* IOMD Purchase Flow */ = {
			isa = PBXGroup;
			children = (
				2FA86B162AD6AD6F00F0CED4 /* transactions.json */,
				2F3D0F092AAB43220063EEF2 /* LoadingScreenViewController.swift */,
				2F182ECB2AB97DDA00FFCD7B /* MainNavController.swift */,
				2FA6F6922AB489C6005772AE /* GreenScreenViewController.swift */,
				2FA86B112AD6AC2C00F0CED4 /* Purchase Screen */,
				2FA86B102AD6ABFC00F0CED4 /* Header Views */,
				2FB48C3C2AD00FF3000E70A7 /* BottomSheet */,
				2FB48C3B2AD00F53000E70A7 /* Saved Information */,
				2FA86B122AD6AC5000F0CED4 /* Card Activity */,
				2F3D0EF52AAB410C0063EEF2 /* AppDelegate.swift */,
				2F3D0EF72AAB410C0063EEF2 /* SceneDelegate.swift */,
				2F3D0EF92AAB410C0063EEF2 /* ViewController.swift */,
				2F3D0EFB2AAB410C0063EEF2 /* Main.storyboard */,
				2F3D0EFE2AAB410E0063EEF2 /* Assets.xcassets */,
				2F3D0F002AAB410E0063EEF2 /* LaunchScreen.storyboard */,
				2F3D0F032AAB410E0063EEF2 /* Info.plist */,
				2F964C0C2ACEBC69004E88F7 /* myTabCell.swift */,
				2F964C102ACECBC6004E88F7 /* myCustomHeaderCell.swift */,
				2F964C142ACEE373004E88F7 /* CardTableViewCell.swift */,
				2FB48C3F2AD01C80000E70A7 /* UsedCardsTableViewCell.swift */,
				2F59D5342ADD2F8300F7BCF6 /* TokenizedHeadingTableViewCell.swift */,
				2F8A67DE2AEEBBAD009EED58 /* UserNameTableViewCell.swift */,
				2F8A67DF2AEEBBAD009EED58 /* UserNameTableViewCell.xib */,
				2F59D5352ADD2F8300F7BCF6 /* TokenizedHeadingTableViewCell.xib */,
				2FB48C402AD01C80000E70A7 /* UsedCardsTableViewCell.xib */,
				2F964C152ACEE373004E88F7 /* CardTableViewCell.xib */,
				2F964C112ACECBC6004E88F7 /* myCustomHeaderCell.xib */,
				2F964C0D2ACEBC69004E88F7 /* myTabCell.xib */,
			);
			path = "IOMD Purchase Flow";
			sourceTree = "<group>";
		};
		2FA86B102AD6ABFC00F0CED4 /* Header Views */ = {
			isa = PBXGroup;
			children = (
				2F3D0F112AAB46340063EEF2 /* CustomHeaderView.swift */,
				2FB8021F2ABC35DB00277817 /* TokenizedHeaderView.swift */,
				2F3D0F0F2AAB45E40063EEF2 /* CustomHeaderCell.swift */,
			);
			path = "Header Views";
			sourceTree = "<group>";
		};
		2FA86B112AD6AC2C00F0CED4 /* Purchase Screen */ = {
			isa = PBXGroup;
			children = (
				2F3D0F0B2AAB44560063EEF2 /* PurchaseViewController.swift */,
				2F3D0F0D2AAB45720063EEF2 /* NameCell.swift */,
				2F3D0F132AAB465B0063EEF2 /* ImageCell.swift */,
			);
			path = "Purchase Screen";
			sourceTree = "<group>";
		};
		2FA86B122AD6AC5000F0CED4 /* Card Activity */ = {
			isa = PBXGroup;
			children = (
				2FB48C3D2AD012B5000E70A7 /* UsedCardsViewController.swift */,
				2FA86B192AD6AD8200F0CED4 /* transactions.json */,
			);
			path = "Card Activity";
			sourceTree = "<group>";
		};
		2FB48C3B2AD00F53000E70A7 /* Saved Information */ = {
			isa = PBXGroup;
			children = (
				2F3D0F172AAB4ABB0063EEF2 /* SavedInformationViewController.swift */,
				2F9CB80F2AB0618100D3D849 /* CardsCellTableViewCell.swift */,
				2FAC483C2AC6F64100C82A8A /* SectionBackgroundView.swift */,
				2FB8021D2ABC293B00277817 /* TokenizedTableViewCell.swift */,
			);
			path = "Saved Information";
			sourceTree = "<group>";
		};
		2FB48C3C2AD00FF3000E70A7 /* BottomSheet */ = {
			isa = PBXGroup;
			children = (
				2F3D0F152AAB477F0063EEF2 /* BottomSheetViewController.swift */,
			);
			path = BottomSheet;
			sourceTree = "<group>";
		};
/* End PBXGroup section */

/* Begin PBXNativeTarget section */
		2F3D0EF12AAB410C0063EEF2 /* IOMD Purchase Flow */ = {
			isa = PBXNativeTarget;
			buildConfigurationList = 2F3D0F062AAB410E0063EEF2 /* Build configuration list for PBXNativeTarget "IOMD Purchase Flow" */;
			buildPhases = (
				2F3D0EEE2AAB410C0063EEF2 /* Sources */,
				2F3D0EEF2AAB410C0063EEF2 /* Frameworks */,
				2F3D0EF02AAB410C0063EEF2 /* Resources */,
			);
			buildRules = (
			);
			dependencies = (
			);
			name = "IOMD Purchase Flow";
			productName = "IOMD Purchase Flow";
			productReference = 2F3D0EF22AAB410C0063EEF2 /* IOMD Purchase Flow.app */;
			productType = "com.apple.product-type.application";
		};
/* End PBXNativeTarget section */

/* Begin PBXProject section */
		2F3D0EEA2AAB410C0063EEF2 /* Project object */ = {
			isa = PBXProject;
			attributes = {
				BuildIndependentTargetsInParallel = 1;
				LastSwiftUpdateCheck = 1420;
				LastUpgradeCheck = 1420;
				TargetAttributes = {
					2F3D0EF12AAB410C0063EEF2 = {
						CreatedOnToolsVersion = 14.2;
					};
				};
			};
			buildConfigurationList = 2F3D0EED2AAB410C0063EEF2 /* Build configuration list for PBXProject "IOMD Purchase Flow" */;
			compatibilityVersion = "Xcode 14.0";
			developmentRegion = en;
			hasScannedForEncodings = 0;
			knownRegions = (
				en,
				Base,
			);
			mainGroup = 2F3D0EE92AAB410C0063EEF2;
			productRefGroup = 2F3D0EF32AAB410C0063EEF2 /* Products */;
			projectDirPath = "";
			projectRoot = "";
			targets = (
				2F3D0EF12AAB410C0063EEF2 /* IOMD Purchase Flow */,
			);
		};
/* End PBXProject section */

/* Begin PBXResourcesBuildPhase section */
		2F3D0EF02AAB410C0063EEF2 /* Resources */ = {
			isa = PBXResourcesBuildPhase;
			buildActionMask = 2147483647;
			files = (
				2F3D0F022AAB410E0063EEF2 /* LaunchScreen.storyboard in Resources */,
				2F3D0EFF2AAB410E0063EEF2 /* Assets.xcassets in Resources */,
				2FA86B172AD6AD6F00F0CED4 /* transactions.json in Resources */,
				2F964C0F2ACEBC69004E88F7 /* myTabCell.xib in Resources */,
				2F59D5372ADD2F8300F7BCF6 /* TokenizedHeadingTableViewCell.xib in Resources */,
				2F3D0EFD2AAB410C0063EEF2 /* Main.storyboard in Resources */,
				2F964C132ACECBC6004E88F7 /* myCustomHeaderCell.xib in Resources */,
				2F8A67E12AEEBBAD009EED58 /* UserNameTableViewCell.xib in Resources */,
				2F964C172ACEE373004E88F7 /* CardTableViewCell.xib in Resources */,
				2FB48C422AD01C80000E70A7 /* UsedCardsTableViewCell.xib in Resources */,
			);
			runOnlyForDeploymentPostprocessing = 0;
		};
/* End PBXResourcesBuildPhase section */

/* Begin PBXSourcesBuildPhase section */
		2F3D0EEE2AAB410C0063EEF2 /* Sources */ = {
			isa = PBXSourcesBuildPhase;
			buildActionMask = 2147483647;
			files = (
				2F3D0F122AAB46340063EEF2 /* CustomHeaderView.swift in Sources */,
				2F8A67E02AEEBBAD009EED58 /* UserNameTableViewCell.swift in Sources */,
				2F3D0F102AAB45E40063EEF2 /* CustomHeaderCell.swift in Sources */,
				2FB48C412AD01C80000E70A7 /* UsedCardsTableViewCell.swift in Sources */,
				2FAC483D2AC6F64100C82A8A /* SectionBackgroundView.swift in Sources */,
				2FB48C3E2AD012B5000E70A7 /* UsedCardsViewController.swift in Sources */,
				2F3D0F142AAB465B0063EEF2 /* ImageCell.swift in Sources */,
				2F9CB8102AB0618100D3D849 /* CardsCellTableViewCell.swift in Sources */,
				2F964C122ACECBC6004E88F7 /* myCustomHeaderCell.swift in Sources */,
				2F3D0F0C2AAB44560063EEF2 /* PurchaseViewController.swift in Sources */,
				2FB802202ABC35DB00277817 /* TokenizedHeaderView.swift in Sources */,
				2F3D0EFA2AAB410C0063EEF2 /* ViewController.swift in Sources */,
				2F3D0EF62AAB410C0063EEF2 /* AppDelegate.swift in Sources */,
				2F3D0F162AAB477F0063EEF2 /* BottomSheetViewController.swift in Sources */,
				2FA6F6932AB489C6005772AE /* GreenScreenViewController.swift in Sources */,
				2F3D0F0E2AAB45720063EEF2 /* NameCell.swift in Sources */,
				2F59D5362ADD2F8300F7BCF6 /* TokenizedHeadingTableViewCell.swift in Sources */,
				2F182ECC2AB97DDA00FFCD7B /* MainNavController.swift in Sources */,
				2F3D0F182AAB4ABB0063EEF2 /* SavedInformationViewController.swift in Sources */,
				2F964C162ACEE373004E88F7 /* CardTableViewCell.swift in Sources */,
				2FB8021E2ABC293B00277817 /* TokenizedTableViewCell.swift in Sources */,
				2F964C0E2ACEBC69004E88F7 /* myTabCell.swift in Sources */,
				2F3D0EF82AAB410C0063EEF2 /* SceneDelegate.swift in Sources */,
				2F3D0F0A2AAB43220063EEF2 /* LoadingScreenViewController.swift in Sources */,
			);
			runOnlyForDeploymentPostprocessing = 0;
		};
/* End PBXSourcesBuildPhase section */

/* Begin PBXVariantGroup section */
		2F3D0EFB2AAB410C0063EEF2 /* Main.storyboard */ = {
			isa = PBXVariantGroup;
			children = (
				2F3D0EFC2AAB410C0063EEF2 /* Base */,
			);
			name = Main.storyboard;
			sourceTree = "<group>";
		};
		2F3D0F002AAB410E0063EEF2 /* LaunchScreen.storyboard */ = {
			isa = PBXVariantGroup;
			children = (
				2F3D0F012AAB410E0063EEF2 /* Base */,
			);
			name = LaunchScreen.storyboard;
			sourceTree = "<group>";
		};
/* End PBXVariantGroup section */

/* Begin XCBuildConfiguration section */
		2F3D0F042AAB410E0063EEF2 /* Debug */ = {
			isa = XCBuildConfiguration;
			buildSettings = {
				ALWAYS_SEARCH_USER_PATHS = NO;
				CLANG_ANALYZER_NONNULL = YES;
				CLANG_ANALYZER_NUMBER_OBJECT_CONVERSION = YES_AGGRESSIVE;
				CLANG_CXX_LANGUAGE_STANDARD = "gnu++20";
				CLANG_ENABLE_MODULES = YES;
				CLANG_ENABLE_OBJC_ARC = YES;
				CLANG_ENABLE_OBJC_WEAK = YES;
				CLANG_WARN_BLOCK_CAPTURE_AUTORELEASING = YES;
				CLANG_WARN_BOOL_CONVERSION = YES;
				CLANG_WARN_COMMA = YES;
				CLANG_WARN_CONSTANT_CONVERSION = YES;
				CLANG_WARN_DEPRECATED_OBJC_IMPLEMENTATIONS = YES;
				CLANG_WARN_DIRECT_OBJC_ISA_USAGE = YES_ERROR;
				CLANG_WARN_DOCUMENTATION_COMMENTS = YES;
				CLANG_WARN_EMPTY_BODY = YES;
				CLANG_WARN_ENUM_CONVERSION = YES;
				CLANG_WARN_INFINITE_RECURSION = YES;
				CLANG_WARN_INT_CONVERSION = YES;
				CLANG_WARN_NON_LITERAL_NULL_CONVERSION = YES;
				CLANG_WARN_OBJC_IMPLICIT_RETAIN_SELF = YES;
				CLANG_WARN_OBJC_LITERAL_CONVERSION = YES;
				CLANG_WARN_OBJC_ROOT_CLASS = YES_ERROR;
				CLANG_WARN_QUOTED_INCLUDE_IN_FRAMEWORK_HEADER = YES;
				CLANG_WARN_RANGE_LOOP_ANALYSIS = YES;
				CLANG_WARN_STRICT_PROTOTYPES = YES;
				CLANG_WARN_SUSPICIOUS_MOVE = YES;
				CLANG_WARN_UNGUARDED_AVAILABILITY = YES_AGGRESSIVE;
				CLANG_WARN_UNREACHABLE_CODE = YES;
				CLANG_WARN__DUPLICATE_METHOD_MATCH = YES;
				COPY_PHASE_STRIP = NO;
				DEBUG_INFORMATION_FORMAT = dwarf;
				ENABLE_STRICT_OBJC_MSGSEND = YES;
				ENABLE_TESTABILITY = YES;
				GCC_C_LANGUAGE_STANDARD = gnu11;
				GCC_DYNAMIC_NO_PIC = NO;
				GCC_NO_COMMON_BLOCKS = YES;
				GCC_OPTIMIZATION_LEVEL = 0;
				GCC_PREPROCESSOR_DEFINITIONS = (
					"DEBUG=1",
					"$(inherited)",
				);
				GCC_WARN_64_TO_32_BIT_CONVERSION = YES;
				GCC_WARN_ABOUT_RETURN_TYPE = YES_ERROR;
				GCC_WARN_UNDECLARED_SELECTOR = YES;
				GCC_WARN_UNINITIALIZED_AUTOS = YES_AGGRESSIVE;
				GCC_WARN_UNUSED_FUNCTION = YES;
				GCC_WARN_UNUSED_VARIABLE = YES;
				IPHONEOS_DEPLOYMENT_TARGET = 16.2;
				MTL_ENABLE_DEBUG_INFO = INCLUDE_SOURCE;
				MTL_FAST_MATH = YES;
				ONLY_ACTIVE_ARCH = YES;
				SDKROOT = iphoneos;
				SWIFT_ACTIVE_COMPILATION_CONDITIONS = DEBUG;
				SWIFT_OPTIMIZATION_LEVEL = "-Onone";
			};
			name = Debug;
		};
		2F3D0F052AAB410E0063EEF2 /* Release */ = {
			isa = XCBuildConfiguration;
			buildSettings = {
				ALWAYS_SEARCH_USER_PATHS = NO;
				CLANG_ANALYZER_NONNULL = YES;
				CLANG_ANALYZER_NUMBER_OBJECT_CONVERSION = YES_AGGRESSIVE;
				CLANG_CXX_LANGUAGE_STANDARD = "gnu++20";
				CLANG_ENABLE_MODULES = YES;
				CLANG_ENABLE_OBJC_ARC = YES;
				CLANG_ENABLE_OBJC_WEAK = YES;
				CLANG_WARN_BLOCK_CAPTURE_AUTORELEASING = YES;
				CLANG_WARN_BOOL_CONVERSION = YES;
				CLANG_WARN_COMMA = YES;
				CLANG_WARN_CONSTANT_CONVERSION = YES;
				CLANG_WARN_DEPRECATED_OBJC_IMPLEMENTATIONS = YES;
				CLANG_WARN_DIRECT_OBJC_ISA_USAGE = YES_ERROR;
				CLANG_WARN_DOCUMENTATION_COMMENTS = YES;
				CLANG_WARN_EMPTY_BODY = YES;
				CLANG_WARN_ENUM_CONVERSION = YES;
				CLANG_WARN_INFINITE_RECURSION = YES;
				CLANG_WARN_INT_CONVERSION = YES;
				CLANG_WARN_NON_LITERAL_NULL_CONVERSION = YES;
				CLANG_WARN_OBJC_IMPLICIT_RETAIN_SELF = YES;
				CLANG_WARN_OBJC_LITERAL_CONVERSION = YES;
				CLANG_WARN_OBJC_ROOT_CLASS = YES_ERROR;
				CLANG_WARN_QUOTED_INCLUDE_IN_FRAMEWORK_HEADER = YES;
				CLANG_WARN_RANGE_LOOP_ANALYSIS = YES;
				CLANG_WARN_STRICT_PROTOTYPES = YES;
				CLANG_WARN_SUSPICIOUS_MOVE = YES;
				CLANG_WARN_UNGUARDED_AVAILABILITY = YES_AGGRESSIVE;
				CLANG_WARN_UNREACHABLE_CODE = YES;
				CLANG_WARN__DUPLICATE_METHOD_MATCH = YES;
				COPY_PHASE_STRIP = NO;
				DEBUG_INFORMATION_FORMAT = "dwarf-with-dsym";
				ENABLE_NS_ASSERTIONS = NO;
				ENABLE_STRICT_OBJC_MSGSEND = YES;
				GCC_C_LANGUAGE_STANDARD = gnu11;
				GCC_NO_COMMON_BLOCKS = YES;
				GCC_WARN_64_TO_32_BIT_CONVERSION = YES;
				GCC_WARN_ABOUT_RETURN_TYPE = YES_ERROR;
				GCC_WARN_UNDECLARED_SELECTOR = YES;
				GCC_WARN_UNINITIALIZED_AUTOS = YES_AGGRESSIVE;
				GCC_WARN_UNUSED_FUNCTION = YES;
				GCC_WARN_UNUSED_VARIABLE = YES;
				IPHONEOS_DEPLOYMENT_TARGET = 16.2;
				MTL_ENABLE_DEBUG_INFO = NO;
				MTL_FAST_MATH = YES;
				SDKROOT = iphoneos;
				SWIFT_COMPILATION_MODE = wholemodule;
				SWIFT_OPTIMIZATION_LEVEL = "-O";
				VALIDATE_PRODUCT = YES;
			};
			name = Release;
		};
		2F3D0F072AAB410E0063EEF2 /* Debug */ = {
			isa = XCBuildConfiguration;
			buildSettings = {
				ASSETCATALOG_COMPILER_APPICON_NAME = AppIcon;
				ASSETCATALOG_COMPILER_GLOBAL_ACCENT_COLOR_NAME = AccentColor;
				CODE_SIGN_STYLE = Automatic;
				CURRENT_PROJECT_VERSION = 1;
				GENERATE_INFOPLIST_FILE = YES;
				INFOPLIST_FILE = "IOMD Purchase Flow/Info.plist";
				INFOPLIST_KEY_UIApplicationSupportsIndirectInputEvents = YES;
				INFOPLIST_KEY_UILaunchStoryboardName = LaunchScreen;
				INFOPLIST_KEY_UIMainStoryboardFile = Main;
				INFOPLIST_KEY_UISupportedInterfaceOrientations_iPad = "UIInterfaceOrientationPortrait UIInterfaceOrientationPortraitUpsideDown UIInterfaceOrientationLandscapeLeft UIInterfaceOrientationLandscapeRight";
				INFOPLIST_KEY_UISupportedInterfaceOrientations_iPhone = "UIInterfaceOrientationPortrait UIInterfaceOrientationLandscapeLeft UIInterfaceOrientationLandscapeRight";
				LD_RUNPATH_SEARCH_PATHS = (
					"$(inherited)",
					"@executable_path/Frameworks",
				);
				MARKETING_VERSION = 1.0;
				PRODUCT_BUNDLE_IDENTIFIER = "com.vignesh.IOMD-Purchase-Flow";
				PRODUCT_NAME = "$(TARGET_NAME)";
				SWIFT_EMIT_LOC_STRINGS = YES;
				SWIFT_VERSION = 5.0;
				TARGETED_DEVICE_FAMILY = "1,2";
			};
			name = Debug;
		};
		2F3D0F082AAB410E0063EEF2 /* Release */ = {
			isa = XCBuildConfiguration;
			buildSettings = {
				ASSETCATALOG_COMPILER_APPICON_NAME = AppIcon;
				ASSETCATALOG_COMPILER_GLOBAL_ACCENT_COLOR_NAME = AccentColor;
				CODE_SIGN_STYLE = Automatic;
				CURRENT_PROJECT_VERSION = 1;
				GENERATE_INFOPLIST_FILE = YES;
				INFOPLIST_FILE = "IOMD Purchase Flow/Info.plist";
				INFOPLIST_KEY_UIApplicationSupportsIndirectInputEvents = YES;
				INFOPLIST_KEY_UILaunchStoryboardName = LaunchScreen;
				INFOPLIST_KEY_UIMainStoryboardFile = Main;
				INFOPLIST_KEY_UISupportedInterfaceOrientations_iPad = "UIInterfaceOrientationPortrait UIInterfaceOrientationPortraitUpsideDown UIInterfaceOrientationLandscapeLeft UIInterfaceOrientationLandscapeRight";
				INFOPLIST_KEY_UISupportedInterfaceOrientations_iPhone = "UIInterfaceOrientationPortrait UIInterfaceOrientationLandscapeLeft UIInterfaceOrientationLandscapeRight";
				LD_RUNPATH_SEARCH_PATHS = (
					"$(inherited)",
					"@executable_path/Frameworks",
				);
				MARKETING_VERSION = 1.0;
				PRODUCT_BUNDLE_IDENTIFIER = "com.vignesh.IOMD-Purchase-Flow";
				PRODUCT_NAME = "$(TARGET_NAME)";
				SWIFT_EMIT_LOC_STRINGS = YES;
				SWIFT_VERSION = 5.0;
				TARGETED_DEVICE_FAMILY = "1,2";
			};
			name = Release;
		};
/* End XCBuildConfiguration section */

/* Begin XCConfigurationList section */
		2F3D0EED2AAB410C0063EEF2 /* Build configuration list for PBXProject "IOMD Purchase Flow" */ = {
			isa = XCConfigurationList;
			buildConfigurations = (
				2F3D0F042AAB410E0063EEF2 /* Debug */,
				2F3D0F052AAB410E0063EEF2 /* Release */,
			);
			defaultConfigurationIsVisible = 0;
			defaultConfigurationName = Release;
		};
		2F3D0F062AAB410E0063EEF2 /* Build configuration list for PBXNativeTarget "IOMD Purchase Flow" */ = {
			isa = XCConfigurationList;
			buildConfigurations = (
				2F3D0F072AAB410E0063EEF2 /* Debug */,
				2F3D0F082AAB410E0063EEF2 /* Release */,
			);
			defaultConfigurationIsVisible = 0;
			defaultConfigurationName = Release;
		};
/* End XCConfigurationList section */
	};
	rootObject = 2F3D0EEA2AAB410C0063EEF2 /* Project object */;
}
